
Microsoft Visual Studio Solution File, Format Version 12.00
# Visual Studio Version 17
VisualStudioVersion = 17.11.35312.102
MinimumVisualStudioVersion = 10.0.40219.1
Project("{9A19103F-16F7-4668-BE54-9A1E7A4F7556}") = "fordonguleri", "fordonguleri\fordonguleri.csproj", "{DDF278C6-E707-494D-B1DB-479DD0DACD3A}"
	ProjectSection(ProjectDependencies) = postProject
		{4551B1B5-E1BB-42BB-A0AE-A69565659320} = {4551B1B5-E1BB-42BB-A0AE-A69565659320}
	EndProjectSection
EndProject
Project("{9A19103F-16F7-4668-BE54-9A1E7A4F7556}") = "fordonguleri2", "fordonguleri2\fordonguleri2.csproj", "{8EC32FAF-BDD8-4122-ABB0-9EA53A4D5265}"
EndProject
Project("{9A19103F-16F7-4668-BE54-9A1E7A4F7556}") = "2.haftaodev1", "odev1\2.haftaodev1.csproj", "{4551B1B5-E1BB-42BB-A0AE-A69565659320}"
EndProject
Project("{9A19103F-16F7-4668-BE54-9A1E7A4F7556}") = "While", "While\While.csproj", "{26C8E587-5A2D-4E98-934F-488F0AE1B97D}"
EndProject
Project("{9A19103F-16F7-4668-BE54-9A1E7A4F7556}") = "While_Odev", "While_Odev\While_Odev.csproj", "{9DC28717-16B4-43D9-9E0D-ABC78BA0A31E}"
EndProject
Project("{9A19103F-16F7-4668-BE54-9A1E7A4F7556}") = "DoWhile", "DoWhile\DoWhile.csproj", "{F489E4F3-9D13-4C62-82D2-A8949D13164C}"
EndProject
Project("{9A19103F-16F7-4668-BE54-9A1E7A4F7556}") = "whilevsDowhileOdev", "whilevsDowhileOdev\whilevsDowhileOdev.csproj", "{F31C9D05-5676-4F84-B182-F60FE96BEE82}"
EndProject
Project("{9A19103F-16F7-4668-BE54-9A1E7A4F7556}") = "Tatiluygulamasi", "Tatiluygulamasi\Tatiluygulamasi.csproj", "{D3627242-0486-4C99-B53B-9D0E9B36F6C8}"
EndProject
Project("{9A19103F-16F7-4668-BE54-9A1E7A4F7556}") = "Foreach", "Foreach\Foreach.csproj", "{5EFBD84B-01A0-4AB9-A862-063DD5F55375}"
EndProject
Project("{9A19103F-16F7-4668-BE54-9A1E7A4F7556}") = "Metot", "Metot\Metot.csproj", "{5990ECFE-1F69-40EC-96E5-8DEA7962E37B}"
EndProject
Project("{9A19103F-16F7-4668-BE54-9A1E7A4F7556}") = "Metot_Pratik", "Metot_Pratik\Metot_Pratik.csproj", "{B7A55BAA-6B55-4D2D-AB15-9DB3D88CA645}"
EndProject
Project("{9A19103F-16F7-4668-BE54-9A1E7A4F7556}") = "ErisimBelirleyici", "ErisimBelirleyici\ErisimBelirleyici.csproj", "{E01B68CB-4F21-4F70-B7AE-D53AA0A76847}"
EndProject
Project("{9A19103F-16F7-4668-BE54-9A1E7A4F7556}") = "ValParams", "ValParams\ValParams.csproj", "{B0122244-389B-4A53-B820-195E294951E1}"
EndProject
Project("{9A19103F-16F7-4668-BE54-9A1E7A4F7556}") = "Reftypes", "Reftypes\Reftypes.csproj", "{A81217BF-1BAA-424B-AB21-5600D9E072BC}"
EndProject
Project("{9A19103F-16F7-4668-BE54-9A1E7A4F7556}") = "Ref", "Ref\Ref.csproj", "{0788D86E-FC77-4965-AE13-90DBA314FE02}"
EndProject
Project("{9A19103F-16F7-4668-BE54-9A1E7A4F7556}") = "In", "In\In.csproj", "{8BBAA4EE-353D-4203-AD8D-B108B106F499}"
EndProject
Project("{9A19103F-16F7-4668-BE54-9A1E7A4F7556}") = "Debugging", "Debugging\Debugging.csproj", "{52B3169E-A578-4D56-A02B-08E78F1B71C3}"
EndProject
Project("{9A19103F-16F7-4668-BE54-9A1E7A4F7556}") = "Tatil Uygulamasi", "Tatil4\Tatil Uygulamasi.csproj", "{92555CCE-EFC7-4DBE-AE11-2E036AAA95E5}"
EndProject
Global
	GlobalSection(SolutionConfigurationPlatforms) = preSolution
		Debug|Any CPU = Debug|Any CPU
		Release|Any CPU = Release|Any CPU
	EndGlobalSection
	GlobalSection(ProjectConfigurationPlatforms) = postSolution
		{DDF278C6-E707-494D-B1DB-479DD0DACD3A}.Debug|Any CPU.ActiveCfg = Debug|Any CPU
		{DDF278C6-E707-494D-B1DB-479DD0DACD3A}.Debug|Any CPU.Build.0 = Debug|Any CPU
		{DDF278C6-E707-494D-B1DB-479DD0DACD3A}.Release|Any CPU.ActiveCfg = Release|Any CPU
		{DDF278C6-E707-494D-B1DB-479DD0DACD3A}.Release|Any CPU.Build.0 = Release|Any CPU
		{8EC32FAF-BDD8-4122-ABB0-9EA53A4D5265}.Debug|Any CPU.ActiveCfg = Debug|Any CPU
		{8EC32FAF-BDD8-4122-ABB0-9EA53A4D5265}.Debug|Any CPU.Build.0 = Debug|Any CPU
		{8EC32FAF-BDD8-4122-ABB0-9EA53A4D5265}.Release|Any CPU.ActiveCfg = Release|Any CPU
		{8EC32FAF-BDD8-4122-ABB0-9EA53A4D5265}.Release|Any CPU.Build.0 = Release|Any CPU
		{4551B1B5-E1BB-42BB-A0AE-A69565659320}.Debug|Any CPU.ActiveCfg = Debug|Any CPU
		{4551B1B5-E1BB-42BB-A0AE-A69565659320}.Debug|Any CPU.Build.0 = Debug|Any CPU
		{4551B1B5-E1BB-42BB-A0AE-A69565659320}.Release|Any CPU.ActiveCfg = Release|Any CPU
		{4551B1B5-E1BB-42BB-A0AE-A69565659320}.Release|Any CPU.Build.0 = Release|Any CPU
		{26C8E587-5A2D-4E98-934F-488F0AE1B97D}.Debug|Any CPU.ActiveCfg = Debug|Any CPU
		{26C8E587-5A2D-4E98-934F-488F0AE1B97D}.Debug|Any CPU.Build.0 = Debug|Any CPU
		{26C8E587-5A2D-4E98-934F-488F0AE1B97D}.Release|Any CPU.ActiveCfg = Release|Any CPU
		{26C8E587-5A2D-4E98-934F-488F0AE1B97D}.Release|Any CPU.Build.0 = Release|Any CPU
		{9DC28717-16B4-43D9-9E0D-ABC78BA0A31E}.Debug|Any CPU.ActiveCfg = Debug|Any CPU
		{9DC28717-16B4-43D9-9E0D-ABC78BA0A31E}.Debug|Any CPU.Build.0 = Debug|Any CPU
		{9DC28717-16B4-43D9-9E0D-ABC78BA0A31E}.Release|Any CPU.ActiveCfg = Release|Any CPU
		{9DC28717-16B4-43D9-9E0D-ABC78BA0A31E}.Release|Any CPU.Build.0 = Release|Any CPU
		{F489E4F3-9D13-4C62-82D2-A8949D13164C}.Debug|Any CPU.ActiveCfg = Debug|Any CPU
		{F489E4F3-9D13-4C62-82D2-A8949D13164C}.Debug|Any CPU.Build.0 = Debug|Any CPU
		{F489E4F3-9D13-4C62-82D2-A8949D13164C}.Release|Any CPU.ActiveCfg = Release|Any CPU
		{F489E4F3-9D13-4C62-82D2-A8949D13164C}.Release|Any CPU.Build.0 = Release|Any CPU
		{F31C9D05-5676-4F84-B182-F60FE96BEE82}.Debug|Any CPU.ActiveCfg = Debug|Any CPU
		{F31C9D05-5676-4F84-B182-F60FE96BEE82}.Debug|Any CPU.Build.0 = Debug|Any CPU
		{F31C9D05-5676-4F84-B182-F60FE96BEE82}.Release|Any CPU.ActiveCfg = Release|Any CPU
		{F31C9D05-5676-4F84-B182-F60FE96BEE82}.Release|Any CPU.Build.0 = Release|Any CPU
		{D3627242-0486-4C99-B53B-9D0E9B36F6C8}.Debug|Any CPU.ActiveCfg = Debug|Any CPU
		{D3627242-0486-4C99-B53B-9D0E9B36F6C8}.Debug|Any CPU.Build.0 = Debug|Any CPU
		{D3627242-0486-4C99-B53B-9D0E9B36F6C8}.Release|Any CPU.ActiveCfg = Release|Any CPU
		{D3627242-0486-4C99-B53B-9D0E9B36F6C8}.Release|Any CPU.Build.0 = Release|Any CPU
		{5EFBD84B-01A0-4AB9-A862-063DD5F55375}.Debug|Any CPU.ActiveCfg = Debug|Any CPU
		{5EFBD84B-01A0-4AB9-A862-063DD5F55375}.Debug|Any CPU.Build.0 = Debug|Any CPU
		{5EFBD84B-01A0-4AB9-A862-063DD5F55375}.Release|Any CPU.ActiveCfg = Release|Any CPU
		{5EFBD84B-01A0-4AB9-A862-063DD5F55375}.Release|Any CPU.Build.0 = Release|Any CPU
		{5990ECFE-1F69-40EC-96E5-8DEA7962E37B}.Debug|Any CPU.ActiveCfg = Debug|Any CPU
		{5990ECFE-1F69-40EC-96E5-8DEA7962E37B}.Debug|Any CPU.Build.0 = Debug|Any CPU
		{5990ECFE-1F69-40EC-96E5-8DEA7962E37B}.Release|Any CPU.ActiveCfg = Release|Any CPU
		{5990ECFE-1F69-40EC-96E5-8DEA7962E37B}.Release|Any CPU.Build.0 = Release|Any CPU
		{B7A55BAA-6B55-4D2D-AB15-9DB3D88CA645}.Debug|Any CPU.ActiveCfg = Debug|Any CPU
		{B7A55BAA-6B55-4D2D-AB15-9DB3D88CA645}.Debug|Any CPU.Build.0 = Debug|Any CPU
		{B7A55BAA-6B55-4D2D-AB15-9DB3D88CA645}.Release|Any CPU.ActiveCfg = Release|Any CPU
		{B7A55BAA-6B55-4D2D-AB15-9DB3D88CA645}.Release|Any CPU.Build.0 = Release|Any CPU
		{E01B68CB-4F21-4F70-B7AE-D53AA0A76847}.Debug|Any CPU.ActiveCfg = Debug|Any CPU
		{E01B68CB-4F21-4F70-B7AE-D53AA0A76847}.Debug|Any CPU.Build.0 = Debug|Any CPU
		{E01B68CB-4F21-4F70-B7AE-D53AA0A76847}.Release|Any CPU.ActiveCfg = Release|Any CPU
		{E01B68CB-4F21-4F70-B7AE-D53AA0A76847}.Release|Any CPU.Build.0 = Release|Any CPU
		{B0122244-389B-4A53-B820-195E294951E1}.Debug|Any CPU.ActiveCfg = Debug|Any CPU
		{B0122244-389B-4A53-B820-195E294951E1}.Debug|Any CPU.Build.0 = Debug|Any CPU
		{B0122244-389B-4A53-B820-195E294951E1}.Release|Any CPU.ActiveCfg = Release|Any CPU
		{B0122244-389B-4A53-B820-195E294951E1}.Release|Any CPU.Build.0 = Release|Any CPU
		{A81217BF-1BAA-424B-AB21-5600D9E072BC}.Debug|Any CPU.ActiveCfg = Debug|Any CPU
		{A81217BF-1BAA-424B-AB21-5600D9E072BC}.Debug|Any CPU.Build.0 = Debug|Any CPU
		{A81217BF-1BAA-424B-AB21-5600D9E072BC}.Release|Any CPU.ActiveCfg = Release|Any CPU
		{A81217BF-1BAA-424B-AB21-5600D9E072BC}.Release|Any CPU.Build.0 = Release|Any CPU
		{0788D86E-FC77-4965-AE13-90DBA314FE02}.Debug|Any CPU.ActiveCfg = Debug|Any CPU
		{0788D86E-FC77-4965-AE13-90DBA314FE02}.Debug|Any CPU.Build.0 = Debug|Any CPU
		{0788D86E-FC77-4965-AE13-90DBA314FE02}.Release|Any CPU.ActiveCfg = Release|Any CPU
		{0788D86E-FC77-4965-AE13-90DBA314FE02}.Release|Any CPU.Build.0 = Release|Any CPU
		{8BBAA4EE-353D-4203-AD8D-B108B106F499}.Debug|Any CPU.ActiveCfg = Debug|Any CPU
		{8BBAA4EE-353D-4203-AD8D-B108B106F499}.Debug|Any CPU.Build.0 = Debug|Any CPU
		{8BBAA4EE-353D-4203-AD8D-B108B106F499}.Release|Any CPU.ActiveCfg = Release|Any CPU
		{8BBAA4EE-353D-4203-AD8D-B108B106F499}.Release|Any CPU.Build.0 = Release|Any CPU
		{52B3169E-A578-4D56-A02B-08E78F1B71C3}.Debug|Any CPU.ActiveCfg = Debug|Any CPU
		{52B3169E-A578-4D56-A02B-08E78F1B71C3}.Debug|Any CPU.Build.0 = Debug|Any CPU
		{52B3169E-A578-4D56-A02B-08E78F1B71C3}.Release|Any CPU.ActiveCfg = Release|Any CPU
		{52B3169E-A578-4D56-A02B-08E78F1B71C3}.Release|Any CPU.Build.0 = Release|Any CPU
		{92555CCE-EFC7-4DBE-AE11-2E036AAA95E5}.Debug|Any CPU.ActiveCfg = Debug|Any CPU
		{92555CCE-EFC7-4DBE-AE11-2E036AAA95E5}.Debug|Any CPU.Build.0 = Debug|Any CPU
		{92555CCE-EFC7-4DBE-AE11-2E036AAA95E5}.Release|Any CPU.ActiveCfg = Release|Any CPU
		{92555CCE-EFC7-4DBE-AE11-2E036AAA95E5}.Release|Any CPU.Build.0 = Release|Any CPU
	EndGlobalSection
	GlobalSection(SolutionProperties) = preSolution
		HideSolutionNode = FALSE
	EndGlobalSection
	GlobalSection(ExtensibilityGlobals) = postSolution
		SolutionGuid = {0ADFA7D0-3DF1-4853-95EA-17974364AF65}
	EndGlobalSection
EndGlobal
