
Microsoft Visual Studio Solution File, Format Version 12.00
# Visual Studio Version 17
VisualStudioVersion = 17.11.35312.102
MinimumVisualStudioVersion = 10.0.40219.1
Project("{9A19103F-16F7-4668-BE54-9A1E7A4F7556}") = "fordonguleri", "fordonguleri\fordonguleri.csproj", "{DDF278C6-E707-494D-B1DB-479DD0DACD3A}"
	ProjectSection(ProjectDependencies) = postProject
		{4551B1B5-E1BB-42BB-A0AE-A69565659320} = {4551B1B5-E1BB-42BB-A0AE-A69565659320}
	EndProjectSection
EndProject
Project("{9A19103F-16F7-4668-BE54-9A1E7A4F7556}") = "fordonguleri2", "fordonguleri2\fordonguleri2.csproj", "{8EC32FAF-BDD8-4122-ABB0-9EA53A4D5265}"
EndProject
Project("{9A19103F-16F7-4668-BE54-9A1E7A4F7556}") = "2.haftaodev1", "odev1\2.haftaodev1.csproj", "{4551B1B5-E1BB-42BB-A0AE-A69565659320}"
EndProject
Project("{FAE04EC0-301F-11D3-BF4B-00C04F79EFBC}") = "While", "While\While.csproj", "{26C8E587-5A2D-4E98-934F-488F0AE1B97D}"
EndProject
Project("{FAE04EC0-301F-11D3-BF4B-00C04F79EFBC}") = "While_Odev", "While_Odev\While_Odev.csproj", "{9DC28717-16B4-43D9-9E0D-ABC78BA0A31E}"
EndProject
Global
	GlobalSection(SolutionConfigurationPlatforms) = preSolution
		Debug|Any CPU = Debug|Any CPU
		Release|Any CPU = Release|Any CPU
	EndGlobalSection
	GlobalSection(ProjectConfigurationPlatforms) = postSolution
		{DDF278C6-E707-494D-B1DB-479DD0DACD3A}.Debug|Any CPU.ActiveCfg = Debug|Any CPU
		{DDF278C6-E707-494D-B1DB-479DD0DACD3A}.Debug|Any CPU.Build.0 = Debug|Any CPU
		{DDF278C6-E707-494D-B1DB-479DD0DACD3A}.Release|Any CPU.ActiveCfg = Release|Any CPU
		{DDF278C6-E707-494D-B1DB-479DD0DACD3A}.Release|Any CPU.Build.0 = Release|Any CPU
		{8EC32FAF-BDD8-4122-ABB0-9EA53A4D5265}.Debug|Any CPU.ActiveCfg = Debug|Any CPU
		{8EC32FAF-BDD8-4122-ABB0-9EA53A4D5265}.Debug|Any CPU.Build.0 = Debug|Any CPU
		{8EC32FAF-BDD8-4122-ABB0-9EA53A4D5265}.Release|Any CPU.ActiveCfg = Release|Any CPU
		{8EC32FAF-BDD8-4122-ABB0-9EA53A4D5265}.Release|Any CPU.Build.0 = Release|Any CPU
		{4551B1B5-E1BB-42BB-A0AE-A69565659320}.Debug|Any CPU.ActiveCfg = Debug|Any CPU
		{4551B1B5-E1BB-42BB-A0AE-A69565659320}.Debug|Any CPU.Build.0 = Debug|Any CPU
		{4551B1B5-E1BB-42BB-A0AE-A69565659320}.Release|Any CPU.ActiveCfg = Release|Any CPU
		{4551B1B5-E1BB-42BB-A0AE-A69565659320}.Release|Any CPU.Build.0 = Release|Any CPU
		{26C8E587-5A2D-4E98-934F-488F0AE1B97D}.Debug|Any CPU.ActiveCfg = Debug|Any CPU
		{26C8E587-5A2D-4E98-934F-488F0AE1B97D}.Debug|Any CPU.Build.0 = Debug|Any CPU
		{26C8E587-5A2D-4E98-934F-488F0AE1B97D}.Release|Any CPU.ActiveCfg = Release|Any CPU
		{26C8E587-5A2D-4E98-934F-488F0AE1B97D}.Release|Any CPU.Build.0 = Release|Any CPU
		{9DC28717-16B4-43D9-9E0D-ABC78BA0A31E}.Debug|Any CPU.ActiveCfg = Debug|Any CPU
		{9DC28717-16B4-43D9-9E0D-ABC78BA0A31E}.Debug|Any CPU.Build.0 = Debug|Any CPU
		{9DC28717-16B4-43D9-9E0D-ABC78BA0A31E}.Release|Any CPU.ActiveCfg = Release|Any CPU
		{9DC28717-16B4-43D9-9E0D-ABC78BA0A31E}.Release|Any CPU.Build.0 = Release|Any CPU
	EndGlobalSection
	GlobalSection(SolutionProperties) = preSolution
		HideSolutionNode = FALSE
	EndGlobalSection
	GlobalSection(ExtensibilityGlobals) = postSolution
		SolutionGuid = {0ADFA7D0-3DF1-4853-95EA-17974364AF65}
	EndGlobalSection
EndGlobal
